
Microsoft Visual Studio Solution File, Format Version 12.00
# Visual Studio Version 17
VisualStudioVersion = 17.13.35931.197
MinimumVisualStudioVersion = 10.0.40219.1
Project("{8BC9CEB8-8B4A-11D0-8D11-00A0C91BC942}") = "AutoPowerManager", "AutoPowerManager\AutoPowerManager.vcxproj", "{2869BD80-A474-4536-A7D7-1966E82F3EE4}"
EndProject
Project("{C7167F0D-BC9F-4E6E-AFE1-012C56B48DB5}") = "SmoothPowerProfile", "SmoothPowerProfile\SmoothPowerProfile.wapproj", "{7838CDEF-649A-4778-9C21-1C2596EB0A6E}"
EndProject
Global
	GlobalSection(SolutionConfigurationPlatforms) = preSolution
		Debug|Any CPU = Debug|Any CPU
		Debug|ARM = Debug|ARM
		Debug|ARM64 = Debug|ARM64
		Debug|x64 = Debug|x64
		Debug|x86 = Debug|x86
		Release|Any CPU = Release|Any CPU
		Release|ARM = Release|ARM
		Release|ARM64 = Release|ARM64
		Release|x64 = Release|x64
		Release|x86 = Release|x86
	EndGlobalSection
	GlobalSection(ProjectConfigurationPlatforms) = postSolution
		{2869BD80-A474-4536-A7D7-1966E82F3EE4}.Debug|Any CPU.ActiveCfg = Debug|x64
		{2869BD80-A474-4536-A7D7-1966E82F3EE4}.Debug|Any CPU.Build.0 = Debug|x64
		{2869BD80-A474-4536-A7D7-1966E82F3EE4}.Debug|ARM.ActiveCfg = Debug|x64
		{2869BD80-A474-4536-A7D7-1966E82F3EE4}.Debug|ARM.Build.0 = Debug|x64
		{2869BD80-A474-4536-A7D7-1966E82F3EE4}.Debug|ARM64.ActiveCfg = Debug|x64
		{2869BD80-A474-4536-A7D7-1966E82F3EE4}.Debug|ARM64.Build.0 = Debug|x64
		{2869BD80-A474-4536-A7D7-1966E82F3EE4}.Debug|x64.ActiveCfg = Debug|x64
		{2869BD80-A474-4536-A7D7-1966E82F3EE4}.Debug|x64.Build.0 = Debug|x64
		{2869BD80-A474-4536-A7D7-1966E82F3EE4}.Debug|x86.ActiveCfg = Debug|Win32
		{2869BD80-A474-4536-A7D7-1966E82F3EE4}.Debug|x86.Build.0 = Debug|Win32
		{2869BD80-A474-4536-A7D7-1966E82F3EE4}.Release|Any CPU.ActiveCfg = Release|x64
		{2869BD80-A474-4536-A7D7-1966E82F3EE4}.Release|Any CPU.Build.0 = Release|x64
		{2869BD80-A474-4536-A7D7-1966E82F3EE4}.Release|ARM.ActiveCfg = Release|x64
		{2869BD80-A474-4536-A7D7-1966E82F3EE4}.Release|ARM.Build.0 = Release|x64
		{2869BD80-A474-4536-A7D7-1966E82F3EE4}.Release|ARM64.ActiveCfg = Release|x64
		{2869BD80-A474-4536-A7D7-1966E82F3EE4}.Release|ARM64.Build.0 = Release|x64
		{2869BD80-A474-4536-A7D7-1966E82F3EE4}.Release|x64.ActiveCfg = Release|x64
		{2869BD80-A474-4536-A7D7-1966E82F3EE4}.Release|x64.Build.0 = Release|x64
		{2869BD80-A474-4536-A7D7-1966E82F3EE4}.Release|x86.ActiveCfg = Release|Win32
		{2869BD80-A474-4536-A7D7-1966E82F3EE4}.Release|x86.Build.0 = Release|Win32
		{7838CDEF-649A-4778-9C21-1C2596EB0A6E}.Debug|Any CPU.ActiveCfg = Debug|Any CPU
		{7838CDEF-649A-4778-9C21-1C2596EB0A6E}.Debug|Any CPU.Build.0 = Debug|Any CPU
		{7838CDEF-649A-4778-9C21-1C2596EB0A6E}.Debug|Any CPU.Deploy.0 = Debug|Any CPU
		{7838CDEF-649A-4778-9C21-1C2596EB0A6E}.Debug|ARM.ActiveCfg = Debug|ARM
		{7838CDEF-649A-4778-9C21-1C2596EB0A6E}.Debug|ARM.Build.0 = Debug|ARM
		{7838CDEF-649A-4778-9C21-1C2596EB0A6E}.Debug|ARM.Deploy.0 = Debug|ARM
		{7838CDEF-649A-4778-9C21-1C2596EB0A6E}.Debug|ARM64.ActiveCfg = Debug|ARM64
		{7838CDEF-649A-4778-9C21-1C2596EB0A6E}.Debug|ARM64.Build.0 = Debug|ARM64
		{7838CDEF-649A-4778-9C21-1C2596EB0A6E}.Debug|ARM64.Deploy.0 = Debug|ARM64
		{7838CDEF-649A-4778-9C21-1C2596EB0A6E}.Debug|x64.ActiveCfg = Debug|x64
		{7838CDEF-649A-4778-9C21-1C2596EB0A6E}.Debug|x64.Build.0 = Debug|x64
		{7838CDEF-649A-4778-9C21-1C2596EB0A6E}.Debug|x64.Deploy.0 = Debug|x64
		{7838CDEF-649A-4778-9C21-1C2596EB0A6E}.Debug|x86.ActiveCfg = Debug|x86
		{7838CDEF-649A-4778-9C21-1C2596EB0A6E}.Debug|x86.Build.0 = Debug|x86
		{7838CDEF-649A-4778-9C21-1C2596EB0A6E}.Debug|x86.Deploy.0 = Debug|x86
		{7838CDEF-649A-4778-9C21-1C2596EB0A6E}.Release|Any CPU.ActiveCfg = Release|Any CPU
		{7838CDEF-649A-4778-9C21-1C2596EB0A6E}.Release|Any CPU.Build.0 = Release|Any CPU
		{7838CDEF-649A-4778-9C21-1C2596EB0A6E}.Release|Any CPU.Deploy.0 = Release|Any CPU
		{7838CDEF-649A-4778-9C21-1C2596EB0A6E}.Release|ARM.ActiveCfg = Release|ARM
		{7838CDEF-649A-4778-9C21-1C2596EB0A6E}.Release|ARM.Build.0 = Release|ARM
		{7838CDEF-649A-4778-9C21-1C2596EB0A6E}.Release|ARM.Deploy.0 = Release|ARM
		{7838CDEF-649A-4778-9C21-1C2596EB0A6E}.Release|ARM64.ActiveCfg = Release|ARM64
		{7838CDEF-649A-4778-9C21-1C2596EB0A6E}.Release|ARM64.Build.0 = Release|ARM64
		{7838CDEF-649A-4778-9C21-1C2596EB0A6E}.Release|ARM64.Deploy.0 = Release|ARM64
		{7838CDEF-649A-4778-9C21-1C2596EB0A6E}.Release|x64.ActiveCfg = Release|x64
		{7838CDEF-649A-4778-9C21-1C2596EB0A6E}.Release|x64.Build.0 = Release|x64
		{7838CDEF-649A-4778-9C21-1C2596EB0A6E}.Release|x64.Deploy.0 = Release|x64
		{7838CDEF-649A-4778-9C21-1C2596EB0A6E}.Release|x86.ActiveCfg = Release|x86
		{7838CDEF-649A-4778-9C21-1C2596EB0A6E}.Release|x86.Build.0 = Release|x86
		{7838CDEF-649A-4778-9C21-1C2596EB0A6E}.Release|x86.Deploy.0 = Release|x86
	EndGlobalSection
	GlobalSection(SolutionProperties) = preSolution
		HideSolutionNode = FALSE
	EndGlobalSection
	GlobalSection(ExtensibilityGlobals) = postSolution
		SolutionGuid = {D5730DDF-F802-4140-A6D7-D003C9D6ED88}
	EndGlobalSection
EndGlobal
